// !$*UTF8*$!
{
	archiveVersion = 1;
	classes = {
	};
	objectVersion = 46;
	objects = {

/* Begin PBXBuildFile section */
		6520F9841E82E52C0027AB46 /* AppDelegate.swift in Sources */ = {isa = PBXBuildFile; fileRef = 6520F9831E82E52C0027AB46 /* AppDelegate.swift */; };
		6520F9861E82E52C0027AB46 /* ViewController.swift in Sources */ = {isa = PBXBuildFile; fileRef = 6520F9851E82E52C0027AB46 /* ViewController.swift */; };
		6520F9891E82E52C0027AB46 /* Main.storyboard in Resources */ = {isa = PBXBuildFile; fileRef = 6520F9871E82E52C0027AB46 /* Main.storyboard */; };
		6520F98B1E82E52C0027AB46 /* Assets.xcassets in Resources */ = {isa = PBXBuildFile; fileRef = 6520F98A1E82E52C0027AB46 /* Assets.xcassets */; };
		6520F98E1E82E52C0027AB46 /* LaunchScreen.storyboard in Resources */ = {isa = PBXBuildFile; fileRef = 6520F98C1E82E52C0027AB46 /* LaunchScreen.storyboard */; };
		653BB5A51E840C7C00548CA0 /* certificates_info in Resources */ = {isa = PBXBuildFile; fileRef = 653BB5A41E840C7C00548CA0 /* certificates_info */; };
		653BB5AB1E840CB200548CA0 /* ios_development.cer in Resources */ = {isa = PBXBuildFile; fileRef = 653BB5A61E840CB200548CA0 /* ios_development.cer */; };
		653BB5AC1E840CB200548CA0 /* aps_development.cer in Resources */ = {isa = PBXBuildFile; fileRef = 653BB5A71E840CB200548CA0 /* aps_development.cer */; };
		653BB5AD1E840CB200548CA0 /* CertificateSigningRequest.certSigningRequest in Resources */ = {isa = PBXBuildFile; fileRef = 653BB5A81E840CB200548CA0 /* CertificateSigningRequest.certSigningRequest */; };
		653BB5AE1E840CB200548CA0 /* TestPushNotification_provisioning_Dev.mobileprovision in Resources */ = {isa = PBXBuildFile; fileRef = 653BB5A91E840CB200548CA0 /* TestPushNotification_provisioning_Dev.mobileprovision */; };
		653BB5AF1E840CB200548CA0 /* aps_development.p12 in Resources */ = {isa = PBXBuildFile; fileRef = 653BB5AA1E840CB200548CA0 /* aps_development.p12 */; };
		653BB5B11E8413FA00548CA0 /* Pusher.app in Resources */ = {isa = PBXBuildFile; fileRef = 653BB5B01E8413FA00548CA0 /* Pusher.app */; };
		653BB5B31E84149A00548CA0 /* apns payloads.txt in Resources */ = {isa = PBXBuildFile; fileRef = 653BB5B21E84149A00548CA0 /* apns payloads.txt */; };
		653BB5B51E841DB300548CA0 /* Contants.swift in Sources */ = {isa = PBXBuildFile; fileRef = 653BB5B41E841DB300548CA0 /* Contants.swift */; };
		653BB5B71E8421A500548CA0 /* NSNotification+Additions.swift in Sources */ = {isa = PBXBuildFile; fileRef = 653BB5B61E8421A500548CA0 /* NSNotification+Additions.swift */; };
		801610EC53096FAD2FEE63CF /* Pods_TestPushNotification.framework in Frameworks */ = {isa = PBXBuildFile; fileRef = 739C5810574B53817FB074DA /* Pods_TestPushNotification.framework */; };
		8E0AC0B91E8461C60051A696 /* Apps.swift in Sources */ = {isa = PBXBuildFile; fileRef = 8E0AC0B81E8461C60051A696 /* Apps.swift */; };
		8E0AC0BF1E8469260051A696 /* NetworkManager.swift in Sources */ = {isa = PBXBuildFile; fileRef = 8E0AC0BE1E8469260051A696 /* NetworkManager.swift */; };
/* End PBXBuildFile section */

/* Begin PBXFileReference section */
		6520F9801E82E52C0027AB46 /* TestPushNotification.app */ = {isa = PBXFileReference; explicitFileType = wrapper.application; includeInIndex = 0; path = TestPushNotification.app; sourceTree = BUILT_PRODUCTS_DIR; };
		6520F9831E82E52C0027AB46 /* AppDelegate.swift */ = {isa = PBXFileReference; lastKnownFileType = sourcecode.swift; path = AppDelegate.swift; sourceTree = "<group>"; };
		6520F9851E82E52C0027AB46 /* ViewController.swift */ = {isa = PBXFileReference; lastKnownFileType = sourcecode.swift; path = ViewController.swift; sourceTree = "<group>"; };
		6520F9881E82E52C0027AB46 /* Base */ = {isa = PBXFileReference; lastKnownFileType = file.storyboard; name = Base; path = Base.lproj/Main.storyboard; sourceTree = "<group>"; };
		6520F98A1E82E52C0027AB46 /* Assets.xcassets */ = {isa = PBXFileReference; lastKnownFileType = folder.assetcatalog; path = Assets.xcassets; sourceTree = "<group>"; };
		6520F98D1E82E52C0027AB46 /* Base */ = {isa = PBXFileReference; lastKnownFileType = file.storyboard; name = Base; path = Base.lproj/LaunchScreen.storyboard; sourceTree = "<group>"; };
		6520F98F1E82E52C0027AB46 /* Info.plist */ = {isa = PBXFileReference; lastKnownFileType = text.plist.xml; path = Info.plist; sourceTree = "<group>"; };
		653BB5A21E840AB800548CA0 /* TestPushNotification.entitlements */ = {isa = PBXFileReference; lastKnownFileType = text.plist.entitlements; path = TestPushNotification.entitlements; sourceTree = "<group>"; };
		653BB5A41E840C7C00548CA0 /* certificates_info */ = {isa = PBXFileReference; fileEncoding = 4; lastKnownFileType = text; path = certificates_info; sourceTree = "<group>"; };
		653BB5A61E840CB200548CA0 /* ios_development.cer */ = {isa = PBXFileReference; lastKnownFileType = file; path = ios_development.cer; sourceTree = "<group>"; };
		653BB5A71E840CB200548CA0 /* aps_development.cer */ = {isa = PBXFileReference; lastKnownFileType = file; path = aps_development.cer; sourceTree = "<group>"; };
		653BB5A81E840CB200548CA0 /* CertificateSigningRequest.certSigningRequest */ = {isa = PBXFileReference; fileEncoding = 4; lastKnownFileType = text; path = CertificateSigningRequest.certSigningRequest; sourceTree = "<group>"; };
		653BB5A91E840CB200548CA0 /* TestPushNotification_provisioning_Dev.mobileprovision */ = {isa = PBXFileReference; lastKnownFileType = file; path = TestPushNotification_provisioning_Dev.mobileprovision; sourceTree = "<group>"; };
		653BB5AA1E840CB200548CA0 /* aps_development.p12 */ = {isa = PBXFileReference; lastKnownFileType = file; path = aps_development.p12; sourceTree = "<group>"; };
		653BB5B01E8413FA00548CA0 /* Pusher.app */ = {isa = PBXFileReference; lastKnownFileType = wrapper.application; path = Pusher.app; sourceTree = "<group>"; };
		653BB5B21E84149A00548CA0 /* apns payloads.txt */ = {isa = PBXFileReference; fileEncoding = 4; lastKnownFileType = text; path = "apns payloads.txt"; sourceTree = "<group>"; };
		653BB5B41E841DB300548CA0 /* Contants.swift */ = {isa = PBXFileReference; fileEncoding = 4; lastKnownFileType = sourcecode.swift; path = Contants.swift; sourceTree = "<group>"; };
		653BB5B61E8421A500548CA0 /* NSNotification+Additions.swift */ = {isa = PBXFileReference; fileEncoding = 4; lastKnownFileType = sourcecode.swift; path = "NSNotification+Additions.swift"; sourceTree = "<group>"; };
		739C5810574B53817FB074DA /* Pods_TestPushNotification.framework */ = {isa = PBXFileReference; explicitFileType = wrapper.framework; includeInIndex = 0; path = Pods_TestPushNotification.framework; sourceTree = BUILT_PRODUCTS_DIR; };
		8E0AC0B81E8461C60051A696 /* Apps.swift */ = {isa = PBXFileReference; fileEncoding = 4; lastKnownFileType = sourcecode.swift; path = Apps.swift; sourceTree = "<group>"; };
		8E0AC0BE1E8469260051A696 /* NetworkManager.swift */ = {isa = PBXFileReference; fileEncoding = 4; lastKnownFileType = sourcecode.swift; path = NetworkManager.swift; sourceTree = "<group>"; };
		B1B42A566ABBF6135E8DAF91 /* Pods-TestPushNotification.release.xcconfig */ = {isa = PBXFileReference; includeInIndex = 1; lastKnownFileType = text.xcconfig; name = "Pods-TestPushNotification.release.xcconfig"; path = "Pods/Target Support Files/Pods-TestPushNotification/Pods-TestPushNotification.release.xcconfig"; sourceTree = "<group>"; };
		E1726F259BB328F79962F98E /* Pods-TestPushNotification.debug.xcconfig */ = {isa = PBXFileReference; includeInIndex = 1; lastKnownFileType = text.xcconfig; name = "Pods-TestPushNotification.debug.xcconfig"; path = "Pods/Target Support Files/Pods-TestPushNotification/Pods-TestPushNotification.debug.xcconfig"; sourceTree = "<group>"; };
/* End PBXFileReference section */

/* Begin PBXFrameworksBuildPhase section */
		6520F97D1E82E52C0027AB46 /* Frameworks */ = {
			isa = PBXFrameworksBuildPhase;
			buildActionMask = 2147483647;
			files = (
				801610EC53096FAD2FEE63CF /* Pods_TestPushNotification.framework in Frameworks */,
			);
			runOnlyForDeploymentPostprocessing = 0;
		};
/* End PBXFrameworksBuildPhase section */

/* Begin PBXGroup section */
		0DC0DC728C0E61241BF8BA50 /* Frameworks */ = {
			isa = PBXGroup;
			children = (
				739C5810574B53817FB074DA /* Pods_TestPushNotification.framework */,
			);
			name = Frameworks;
			sourceTree = "<group>";
		};
		6520F9771E82E52C0027AB46 = {
			isa = PBXGroup;
			children = (
				6520F9821E82E52C0027AB46 /* TestPushNotification */,
				6520F9811E82E52C0027AB46 /* Products */,
				852F39B05BC3F8970B8392AF /* Pods */,
				0DC0DC728C0E61241BF8BA50 /* Frameworks */,
			);
			sourceTree = "<group>";
		};
		6520F9811E82E52C0027AB46 /* Products */ = {
			isa = PBXGroup;
			children = (
				6520F9801E82E52C0027AB46 /* TestPushNotification.app */,
			);
			name = Products;
			sourceTree = "<group>";
		};
		6520F9821E82E52C0027AB46 /* TestPushNotification */ = {
			isa = PBXGroup;
			children = (
				8E0AC0BA1E8462A20051A696 /* Source */,
				8E0AC0B51E845EAC0051A696 /* Push notification Util */,
				653BB5A31E840BC400548CA0 /* Certificates */,
				6520F98A1E82E52C0027AB46 /* Assets.xcassets */,
				653BB5A21E840AB800548CA0 /* TestPushNotification.entitlements */,
				6520F98F1E82E52C0027AB46 /* Info.plist */,
			);
			path = TestPushNotification;
			sourceTree = "<group>";
		};
		653BB5A31E840BC400548CA0 /* Certificates */ = {
			isa = PBXGroup;
			children = (
				653BB5B21E84149A00548CA0 /* apns payloads.txt */,
				653BB5A61E840CB200548CA0 /* ios_development.cer */,
				653BB5A71E840CB200548CA0 /* aps_development.cer */,
				653BB5A81E840CB200548CA0 /* CertificateSigningRequest.certSigningRequest */,
				653BB5A91E840CB200548CA0 /* TestPushNotification_provisioning_Dev.mobileprovision */,
				653BB5AA1E840CB200548CA0 /* aps_development.p12 */,
				653BB5A41E840C7C00548CA0 /* certificates_info */,
			);
			path = Certificates;
			sourceTree = "<group>";
		};
		852F39B05BC3F8970B8392AF /* Pods */ = {
			isa = PBXGroup;
			children = (
				E1726F259BB328F79962F98E /* Pods-TestPushNotification.debug.xcconfig */,
				B1B42A566ABBF6135E8DAF91 /* Pods-TestPushNotification.release.xcconfig */,
			);
			name = Pods;
			sourceTree = "<group>";
		};
		8E0AC0B51E845EAC0051A696 /* Push notification Util */ = {
			isa = PBXGroup;
			children = (
				653BB5B01E8413FA00548CA0 /* Pusher.app */,
			);
			path = "Push notification Util";
			sourceTree = "<group>";
		};
		8E0AC0B71E845FBA0051A696 /* Model */ = {
			isa = PBXGroup;
			children = (
				8E0AC0B81E8461C60051A696 /* Apps.swift */,
			);
			path = Model;
			sourceTree = "<group>";
		};
		8E0AC0BA1E8462A20051A696 /* Source */ = {
			isa = PBXGroup;
			children = (
				8E0AC0BD1E8467AA0051A696 /* Others */,
				8E0AC0BC1E8467990051A696 /* Controllers */,
				8E0AC0BB1E84674F0051A696 /* View */,
				8E0AC0B71E845FBA0051A696 /* Model */,
				6520F9831E82E52C0027AB46 /* AppDelegate.swift */,
			);
			path = Source;
			sourceTree = "<group>";
		};
		8E0AC0BB1E84674F0051A696 /* View */ = {
			isa = PBXGroup;
			children = (
				6520F9871E82E52C0027AB46 /* Main.storyboard */,
				6520F98C1E82E52C0027AB46 /* LaunchScreen.storyboard */,
			);
			path = View;
			sourceTree = "<group>";
		};
		8E0AC0BC1E8467990051A696 /* Controllers */ = {
			isa = PBXGroup;
			children = (
				6520F9851E82E52C0027AB46 /* ViewController.swift */,
				8E0AC0BE1E8469260051A696 /* NetworkManager.swift */,
			);
			path = Controllers;
			sourceTree = "<group>";
		};
		8E0AC0BD1E8467AA0051A696 /* Others */ = {
			isa = PBXGroup;
			children = (
				653BB5B61E8421A500548CA0 /* NSNotification+Additions.swift */,
				653BB5B41E841DB300548CA0 /* Contants.swift */,
			);
			path = Others;
			sourceTree = "<group>";
		};
/* End PBXGroup section */

/* Begin PBXNativeTarget section */
		6520F97F1E82E52C0027AB46 /* TestPushNotification */ = {
			isa = PBXNativeTarget;
			buildConfigurationList = 6520F9921E82E52C0027AB46 /* Build configuration list for PBXNativeTarget "TestPushNotification" */;
			buildPhases = (
				0C419F1E4968B6481566F96A /* [CP] Check Pods Manifest.lock */,
				6520F97C1E82E52C0027AB46 /* Sources */,
				6520F97D1E82E52C0027AB46 /* Frameworks */,
				6520F97E1E82E52C0027AB46 /* Resources */,
				7FF18BB824F8DA5B3742A3E1 /* [CP] Embed Pods Frameworks */,
				B50636E74912214E8EE6DC1C /* [CP] Copy Pods Resources */,
			);
			buildRules = (
			);
			dependencies = (
			);
			name = TestPushNotification;
			productName = TestPushNotification;
			productReference = 6520F9801E82E52C0027AB46 /* TestPushNotification.app */;
			productType = "com.apple.product-type.application";
		};
/* End PBXNativeTarget section */

/* Begin PBXProject section */
		6520F9781E82E52C0027AB46 /* Project object */ = {
			isa = PBXProject;
			attributes = {
				LastSwiftUpdateCheck = 0800;
				LastUpgradeCheck = 0800;
				ORGANIZATIONNAME = JoseValderrama;
				TargetAttributes = {
					6520F97F1E82E52C0027AB46 = {
						CreatedOnToolsVersion = 8.0;
						DevelopmentTeam = 67P4A8SJ5P;
						ProvisioningStyle = Automatic;
						SystemCapabilities = {
							com.apple.BackgroundModes = {
								enabled = 1;
							};
							com.apple.Push = {
								enabled = 1;
							};
						};
					};
				};
			};
			buildConfigurationList = 6520F97B1E82E52C0027AB46 /* Build configuration list for PBXProject "TestPushNotification" */;
			compatibilityVersion = "Xcode 3.2";
			developmentRegion = English;
			hasScannedForEncodings = 0;
			knownRegions = (
				en,
				Base,
			);
			mainGroup = 6520F9771E82E52C0027AB46;
			productRefGroup = 6520F9811E82E52C0027AB46 /* Products */;
			projectDirPath = "";
			projectRoot = "";
			targets = (
				6520F97F1E82E52C0027AB46 /* TestPushNotification */,
			);
		};
/* End PBXProject section */

/* Begin PBXResourcesBuildPhase section */
		6520F97E1E82E52C0027AB46 /* Resources */ = {
			isa = PBXResourcesBuildPhase;
			buildActionMask = 2147483647;
			files = (
				6520F98E1E82E52C0027AB46 /* LaunchScreen.storyboard in Resources */,
				6520F98B1E82E52C0027AB46 /* Assets.xcassets in Resources */,
				653BB5AF1E840CB200548CA0 /* aps_development.p12 in Resources */,
				653BB5B31E84149A00548CA0 /* apns payloads.txt in Resources */,
				653BB5AB1E840CB200548CA0 /* ios_development.cer in Resources */,
				653BB5A51E840C7C00548CA0 /* certificates_info in Resources */,
				653BB5AD1E840CB200548CA0 /* CertificateSigningRequest.certSigningRequest in Resources */,
				653BB5B11E8413FA00548CA0 /* Pusher.app in Resources */,
				6520F9891E82E52C0027AB46 /* Main.storyboard in Resources */,
				653BB5AC1E840CB200548CA0 /* aps_development.cer in Resources */,
				653BB5AE1E840CB200548CA0 /* TestPushNotification_provisioning_Dev.mobileprovision in Resources */,
			);
			runOnlyForDeploymentPostprocessing = 0;
		};
/* End PBXResourcesBuildPhase section */

/* Begin PBXShellScriptBuildPhase section */
		0C419F1E4968B6481566F96A /* [CP] Check Pods Manifest.lock */ = {
			isa = PBXShellScriptBuildPhase;
			buildActionMask = 2147483647;
			files = (
			);
			inputPaths = (
			);
			name = "[CP] Check Pods Manifest.lock";
			outputPaths = (
			);
			runOnlyForDeploymentPostprocessing = 0;
			shellPath = /bin/sh;
			shellScript = "diff \"${PODS_ROOT}/../Podfile.lock\" \"${PODS_ROOT}/Manifest.lock\" > /dev/null\nif [ $? != 0 ] ; then\n    # print error to STDERR\n    echo \"error: The sandbox is not in sync with the Podfile.lock. Run 'pod install' or update your CocoaPods installation.\" >&2\n    exit 1\nfi\n";
			showEnvVarsInLog = 0;
		};
		7FF18BB824F8DA5B3742A3E1 /* [CP] Embed Pods Frameworks */ = {
			isa = PBXShellScriptBuildPhase;
			buildActionMask = 2147483647;
			files = (
			);
			inputPaths = (
			);
			name = "[CP] Embed Pods Frameworks";
			outputPaths = (
			);
			runOnlyForDeploymentPostprocessing = 0;
			shellPath = /bin/sh;
			shellScript = "\"${SRCROOT}/Pods/Target Support Files/Pods-TestPushNotification/Pods-TestPushNotification-frameworks.sh\"\n";
			showEnvVarsInLog = 0;
		};
		B50636E74912214E8EE6DC1C /* [CP] Copy Pods Resources */ = {
			isa = PBXShellScriptBuildPhase;
			buildActionMask = 2147483647;
			files = (
			);
			inputPaths = (
			);
			name = "[CP] Copy Pods Resources";
			outputPaths = (
			);
			runOnlyForDeploymentPostprocessing = 0;
			shellPath = /bin/sh;
			shellScript = "\"${SRCROOT}/Pods/Target Support Files/Pods-TestPushNotification/Pods-TestPushNotification-resources.sh\"\n";
			showEnvVarsInLog = 0;
		};
/* End PBXShellScriptBuildPhase section */

/* Begin PBXSourcesBuildPhase section */
		6520F97C1E82E52C0027AB46 /* Sources */ = {
			isa = PBXSourcesBuildPhase;
			buildActionMask = 2147483647;
			files = (
				8E0AC0BF1E8469260051A696 /* NetworkManager.swift in Sources */,
				8E0AC0B91E8461C60051A696 /* Apps.swift in Sources */,
				6520F9861E82E52C0027AB46 /* ViewController.swift in Sources */,
				6520F9841E82E52C0027AB46 /* AppDelegate.swift in Sources */,
				653BB5B51E841DB300548CA0 /* Contants.swift in Sources */,
				653BB5B71E8421A500548CA0 /* NSNotification+Additions.swift in Sources */,
			);
			runOnlyForDeploymentPostprocessing = 0;
		};
/* End PBXSourcesBuildPhase section */

/* Begin PBXVariantGroup section */
		6520F9871E82E52C0027AB46 /* Main.storyboard */ = {
			isa = PBXVariantGroup;
			children = (
				6520F9881E82E52C0027AB46 /* Base */,
			);
			name = Main.storyboard;
			path = ../..;
			sourceTree = "<group>";
		};
		6520F98C1E82E52C0027AB46 /* LaunchScreen.storyboard */ = {
			isa = PBXVariantGroup;
			children = (
				6520F98D1E82E52C0027AB46 /* Base */,
			);
			name = LaunchScreen.storyboard;
			path = ../..;
			sourceTree = "<group>";
		};
/* End PBXVariantGroup section */

/* Begin XCBuildConfiguration section */
		6520F9901E82E52C0027AB46 /* Debug */ = {
			isa = XCBuildConfiguration;
			buildSettings = {
				ALWAYS_SEARCH_USER_PATHS = NO;
				CLANG_ANALYZER_NONNULL = YES;
				CLANG_CXX_LANGUAGE_STANDARD = "gnu++0x";
				CLANG_CXX_LIBRARY = "libc++";
				CLANG_ENABLE_MODULES = YES;
				CLANG_ENABLE_OBJC_ARC = YES;
				CLANG_WARN_BOOL_CONVERSION = YES;
				CLANG_WARN_CONSTANT_CONVERSION = YES;
				CLANG_WARN_DIRECT_OBJC_ISA_USAGE = YES_ERROR;
				CLANG_WARN_DOCUMENTATION_COMMENTS = YES;
				CLANG_WARN_EMPTY_BODY = YES;
				CLANG_WARN_ENUM_CONVERSION = YES;
				CLANG_WARN_INFINITE_RECURSION = YES;
				CLANG_WARN_INT_CONVERSION = YES;
				CLANG_WARN_OBJC_ROOT_CLASS = YES_ERROR;
				CLANG_WARN_SUSPICIOUS_MOVES = YES;
				CLANG_WARN_UNREACHABLE_CODE = YES;
				CLANG_WARN__DUPLICATE_METHOD_MATCH = YES;
				"CODE_SIGN_IDENTITY[sdk=iphoneos*]" = "iPhone Developer";
				COPY_PHASE_STRIP = NO;
				DEBUG_INFORMATION_FORMAT = dwarf;
				ENABLE_STRICT_OBJC_MSGSEND = YES;
				ENABLE_TESTABILITY = YES;
				GCC_C_LANGUAGE_STANDARD = gnu99;
				GCC_DYNAMIC_NO_PIC = NO;
				GCC_NO_COMMON_BLOCKS = YES;
				GCC_OPTIMIZATION_LEVEL = 0;
				GCC_PREPROCESSOR_DEFINITIONS = (
					"DEBUG=1",
					"$(inherited)",
				);
				GCC_WARN_64_TO_32_BIT_CONVERSION = YES;
				GCC_WARN_ABOUT_RETURN_TYPE = YES_ERROR;
				GCC_WARN_UNDECLARED_SELECTOR = YES;
				GCC_WARN_UNINITIALIZED_AUTOS = YES_AGGRESSIVE;
				GCC_WARN_UNUSED_FUNCTION = YES;
				GCC_WARN_UNUSED_VARIABLE = YES;
				IPHONEOS_DEPLOYMENT_TARGET = 10.0;
				MTL_ENABLE_DEBUG_INFO = YES;
				ONLY_ACTIVE_ARCH = YES;
				SDKROOT = iphoneos;
				SWIFT_ACTIVE_COMPILATION_CONDITIONS = DEBUG;
				SWIFT_OPTIMIZATION_LEVEL = "-Onone";
				TARGETED_DEVICE_FAMILY = "1,2";
			};
			name = Debug;
		};
		6520F9911E82E52C0027AB46 /* Release */ = {
			isa = XCBuildConfiguration;
			buildSettings = {
				ALWAYS_SEARCH_USER_PATHS = NO;
				CLANG_ANALYZER_NONNULL = YES;
				CLANG_CXX_LANGUAGE_STANDARD = "gnu++0x";
				CLANG_CXX_LIBRARY = "libc++";
				CLANG_ENABLE_MODULES = YES;
				CLANG_ENABLE_OBJC_ARC = YES;
				CLANG_WARN_BOOL_CONVERSION = YES;
				CLANG_WARN_CONSTANT_CONVERSION = YES;
				CLANG_WARN_DIRECT_OBJC_ISA_USAGE = YES_ERROR;
				CLANG_WARN_DOCUMENTATION_COMMENTS = YES;
				CLANG_WARN_EMPTY_BODY = YES;
				CLANG_WARN_ENUM_CONVERSION = YES;
				CLANG_WARN_INFINITE_RECURSION = YES;
				CLANG_WARN_INT_CONVERSION = YES;
				CLANG_WARN_OBJC_ROOT_CLASS = YES_ERROR;
				CLANG_WARN_SUSPICIOUS_MOVES = YES;
				CLANG_WARN_UNREACHABLE_CODE = YES;
				CLANG_WARN__DUPLICATE_METHOD_MATCH = YES;
				"CODE_SIGN_IDENTITY[sdk=iphoneos*]" = "iPhone Developer";
				COPY_PHASE_STRIP = NO;
				DEBUG_INFORMATION_FORMAT = "dwarf-with-dsym";
				ENABLE_NS_ASSERTIONS = NO;
				ENABLE_STRICT_OBJC_MSGSEND = YES;
				GCC_C_LANGUAGE_STANDARD = gnu99;
				GCC_NO_COMMON_BLOCKS = YES;
				GCC_WARN_64_TO_32_BIT_CONVERSION = YES;
				GCC_WARN_ABOUT_RETURN_TYPE = YES_ERROR;
				GCC_WARN_UNDECLARED_SELECTOR = YES;
				GCC_WARN_UNINITIALIZED_AUTOS = YES_AGGRESSIVE;
				GCC_WARN_UNUSED_FUNCTION = YES;
				GCC_WARN_UNUSED_VARIABLE = YES;
				IPHONEOS_DEPLOYMENT_TARGET = 10.0;
				MTL_ENABLE_DEBUG_INFO = NO;
				SDKROOT = iphoneos;
				SWIFT_OPTIMIZATION_LEVEL = "-Owholemodule";
				TARGETED_DEVICE_FAMILY = "1,2";
				VALIDATE_PRODUCT = YES;
			};
			name = Release;
		};
		6520F9931E82E52C0027AB46 /* Debug */ = {
			isa = XCBuildConfiguration;
			baseConfigurationReference = E1726F259BB328F79962F98E /* Pods-TestPushNotification.debug.xcconfig */;
			buildSettings = {
				ASSETCATALOG_COMPILER_APPICON_NAME = AppIcon;
				CODE_SIGN_ENTITLEMENTS = TestPushNotification/TestPushNotification.entitlements;
				DEVELOPMENT_TEAM = 67P4A8SJ5P;
				INFOPLIST_FILE = TestPushNotification/Info.plist;
				IPHONEOS_DEPLOYMENT_TARGET = 8.0;
				LD_RUNPATH_SEARCH_PATHS = "$(inherited) @executable_path/Frameworks";
				PRODUCT_BUNDLE_IDENTIFIER = com.momentumlab.TestPushNotification;
				PRODUCT_NAME = "$(TARGET_NAME)";
				SWIFT_VERSION = 3.0;
			};
			name = Debug;
		};
		6520F9941E82E52C0027AB46 /* Release */ = {
			isa = XCBuildConfiguration;
			baseConfigurationReference = B1B42A566ABBF6135E8DAF91 /* Pods-TestPushNotification.release.xcconfig */;
			buildSettings = {
				ASSETCATALOG_COMPILER_APPICON_NAME = AppIcon;
				CODE_SIGN_ENTITLEMENTS = TestPushNotification/TestPushNotification.entitlements;
				DEVELOPMENT_TEAM = 67P4A8SJ5P;
				INFOPLIST_FILE = TestPushNotification/Info.plist;
				IPHONEOS_DEPLOYMENT_TARGET = 8.0;
				LD_RUNPATH_SEARCH_PATHS = "$(inherited) @executable_path/Frameworks";
				PRODUCT_BUNDLE_IDENTIFIER = com.momentumlab.TestPushNotification;
				PRODUCT_NAME = "$(TARGET_NAME)";
				SWIFT_VERSION = 3.0;
			};
			name = Release;
		};
/* End XCBuildConfiguration section */

/* Begin XCConfigurationList section */
		6520F97B1E82E52C0027AB46 /* Build configuration list for PBXProject "TestPushNotification" */ = {
			isa = XCConfigurationList;
			buildConfigurations = (
				6520F9901E82E52C0027AB46 /* Debug */,
				6520F9911E82E52C0027AB46 /* Release */,
			);
			defaultConfigurationIsVisible = 0;
			defaultConfigurationName = Release;
		};
		6520F9921E82E52C0027AB46 /* Build configuration list for PBXNativeTarget "TestPushNotification" */ = {
			isa = XCConfigurationList;
			buildConfigurations = (
				6520F9931E82E52C0027AB46 /* Debug */,
				6520F9941E82E52C0027AB46 /* Release */,
			);
			defaultConfigurationIsVisible = 0;
			defaultConfigurationName = Release;
		};
/* End XCConfigurationList section */
	};
	rootObject = 6520F9781E82E52C0027AB46 /* Project object */;
}
